{
  "name": "guestbook",
  "version": "0.0.1",
  "lockfileVersion": 1,
  "requires": true,
  "dependencies": {
    "accepts": {
      "version": "1.0.1",
      "resolved": "https://registry.npmjs.org/accepts/-/accepts-1.0.1.tgz",
      "integrity": "sha1-weBtYT5iRrqHRnjW2bkjibfOMQw=",
      "requires": {
        "mime": "~1.2.11",
        "negotiator": "~0.4.0"
      }
    },
    "amdefine": {
      "version": "1.0.1",
      "resolved": "https://registry.npmjs.org/amdefine/-/amdefine-1.0.1.tgz",
      "integrity": "sha1-SlKCrBZHKek2Gbz9OtFR+BfOkfU="
    },
    "ansi-regex": {
      "version": "2.1.1",
      "resolved": "https://registry.npmjs.org/ansi-regex/-/ansi-regex-2.1.1.tgz",
      "integrity": "sha1-w7M6te42DYbg5ijwRorn7yfWVN8="
    },
    "append-field": {
      "version": "1.0.0",
      "resolved": "https://registry.npmjs.org/append-field/-/append-field-1.0.0.tgz",
      "integrity": "sha1-HjRA6RXwsSA9I3SOeO3XubW0PlY="
    },
    "async": {
      "version": "1.5.2",
      "resolved": "https://registry.npmjs.org/async/-/async-1.5.2.tgz",
      "integrity": "sha1-7GphrlZIDAw8skHJVhjiCJL5Zyo="
    },
    "aws-sdk": {
      "version": "2.656.0",
      "resolved": "https://registry.npmjs.org/aws-sdk/-/aws-sdk-2.656.0.tgz",
      "integrity": "sha512-UzqDvvt6i7gpuzEdK0GT/JOfBJcsCPranzZWdQ9HR4+5E0m5kf5gybZ6OX+UseIAE2/WND6Dv0aHgiI21AKenw==",
      "requires": {
        "buffer": "4.9.1",
        "events": "1.1.1",
        "ieee754": "1.1.13",
        "jmespath": "0.15.0",
        "querystring": "0.2.0",
        "sax": "1.2.1",
        "url": "0.10.3",
        "uuid": "3.3.2",
        "xml2js": "0.4.19"
      }
    },
    "base64-js": {
      "version": "1.3.1",
      "resolved": "https://registry.npmjs.org/base64-js/-/base64-js-1.3.1.tgz",
      "integrity": "sha512-mLQ4i2QO1ytvGWFWmcngKO//JXAQueZvwEKtjgQFM4jIK0kU+ytMfplL8j+n5mspOfjHwoAg+9yhb7BwAHm36g=="
    },
    "bignumber.js": {
      "version": "9.0.0",
      "resolved": "https://registry.npmjs.org/bignumber.js/-/bignumber.js-9.0.0.tgz",
      "integrity": "sha512-t/OYhhJ2SD+YGBQcjY8GzzDHEk9f3nerxjtfa6tlMXfe7frs/WozhvCNoGvpM0P3bNf3Gq5ZRMlGr5f3r4/N8A=="
    },
    "body-parser": {
      "version": "1.0.2",
      "resolved": "https://registry.npmjs.org/body-parser/-/body-parser-1.0.2.tgz",
      "integrity": "sha1-NGFHmjJ4/gD8rr7DMUu1T8T3tHw=",
      "requires": {
        "qs": "~0.6.6",
        "raw-body": "~1.1.2",
        "type-is": "~1.1.0"
      }
    },
    "buffer": {
      "version": "4.9.1",
      "resolved": "https://registry.npmjs.org/buffer/-/buffer-4.9.1.tgz",
      "integrity": "sha1-bRu2AbB6TvztlwlBMgkwJ8lbwpg=",
      "requires": {
        "base64-js": "^1.0.2",
        "ieee754": "^1.1.4",
        "isarray": "^1.0.0"
      }
    },
    "buffer-crc32": {
      "version": "0.2.1",
      "resolved": "https://registry.npmjs.org/buffer-crc32/-/buffer-crc32-0.2.1.tgz",
      "integrity": "sha1-vj5TgvwCttYySVasGvmKqYsIU0w="
    },
    "buffer-from": {
      "version": "1.1.1",
      "resolved": "https://registry.npmjs.org/buffer-from/-/buffer-from-1.1.1.tgz",
      "integrity": "sha512-MQcXEUbCKtEo7bhqEs6560Hyd4XaovZlO/k9V3hjVUF/zwW7KBVdSK4gIt/bzwS9MbR5qob+F5jusZsb0YQK2A=="
    },
    "busboy": {
      "version": "0.2.14",
      "resolved": "https://registry.npmjs.org/busboy/-/busboy-0.2.14.tgz",
      "integrity": "sha1-bCpiLvz0fFe7vh4qnDetNseSVFM=",
      "requires": {
        "dicer": "0.2.5",
        "readable-stream": "1.1.x"
      }
    },
    "bytes": {
      "version": "1.0.0",
      "resolved": "https://registry.npmjs.org/bytes/-/bytes-1.0.0.tgz",
      "integrity": "sha1-NWnt6Lo0MV+rmcPpLLBMciDeH6g="
    },
    "camelcase": {
      "version": "2.1.1",
      "resolved": "https://registry.npmjs.org/camelcase/-/camelcase-2.1.1.tgz",
      "integrity": "sha1-fB0W1nmhu+WcoCys7PsBHiAfWh8="
    },
    "cliui": {
      "version": "3.2.0",
      "resolved": "https://registry.npmjs.org/cliui/-/cliui-3.2.0.tgz",
      "integrity": "sha1-EgYBU3qRbSmUD5NNo7SNWFo5IT0=",
      "requires": {
        "string-width": "^1.0.1",
        "strip-ansi": "^3.0.1",
        "wrap-ansi": "^2.0.0"
      }
    },
    "code-point-at": {
      "version": "1.1.0",
      "resolved": "https://registry.npmjs.org/code-point-at/-/code-point-at-1.1.0.tgz",
      "integrity": "sha1-DQcLTQQ6W+ozovGkDi7bPZpMz3c="
    },
    "concat-stream": {
      "version": "1.6.2",
      "resolved": "https://registry.npmjs.org/concat-stream/-/concat-stream-1.6.2.tgz",
      "integrity": "sha512-27HBghJxjiZtIk3Ycvn/4kbJk/1uZuJFfuPEns6LaEvpvG1f0hTea8lilrouyo9mVc2GWdcEZ8OLoGmSADlrCw==",
      "requires": {
        "buffer-from": "^1.0.0",
        "inherits": "^2.0.3",
        "readable-stream": "^2.2.2",
        "typedarray": "^0.0.6"
      },
      "dependencies": {
        "readable-stream": {
          "version": "2.3.7",
          "resolved": "https://registry.npmjs.org/readable-stream/-/readable-stream-2.3.7.tgz",
          "integrity": "sha512-Ebho8K4jIbHAxnuxi7o42OrZgF/ZTNcsZj6nRKyUmkhLFq8CHItp/fy6hQZuZmP/n3yZ9VBUbp4zz/mX8hmYPw==",
          "requires": {
            "core-util-is": "~1.0.0",
            "inherits": "~2.0.3",
            "isarray": "~1.0.0",
            "process-nextick-args": "~2.0.0",
            "safe-buffer": "~5.1.1",
            "string_decoder": "~1.1.1",
            "util-deprecate": "~1.0.1"
          }
        },
        "string_decoder": {
          "version": "1.1.1",
          "resolved": "https://registry.npmjs.org/string_decoder/-/string_decoder-1.1.1.tgz",
          "integrity": "sha512-n/ShnvDi6FHbbVfviro+WojiFzv+s8MPMHBczVePfUpDJLwoLT0ht1l4YwBCbi8pJAveEEdnkHyPyTP/mzRfwg==",
          "requires": {
            "safe-buffer": "~5.1.0"
          }
        }
      }
    },
    "cookie": {
      "version": "0.1.0",
      "resolved": "https://registry.npmjs.org/cookie/-/cookie-0.1.0.tgz",
      "integrity": "sha1-kOtGndzpBchm3mh+/EMTHYgB+dA="
    },
    "cookie-parser": {
      "version": "1.0.1",
      "resolved": "https://registry.npmjs.org/cookie-parser/-/cookie-parser-1.0.1.tgz",
      "integrity": "sha1-F71iLJcXzQhYqRKp/vTANiNgp7A=",
      "requires": {
        "cookie": "0.1.0",
        "cookie-signature": "1.0.3"
      }
    },
    "cookie-signature": {
      "version": "1.0.3",
      "resolved": "https://registry.npmjs.org/cookie-signature/-/cookie-signature-1.0.3.tgz",
      "integrity": "sha1-kc2ZfMUftkFZVzjGnNoCAyj1D/k="
    },
    "core-util-is": {
      "version": "1.0.2",
      "resolved": "https://registry.npmjs.org/core-util-is/-/core-util-is-1.0.2.tgz",
      "integrity": "sha1-tf1UIgqivFq1eqtxQMlAdUUDwac="
    },
    "debug": {
      "version": "0.7.4",
      "resolved": "https://registry.npmjs.org/debug/-/debug-0.7.4.tgz",
      "integrity": "sha1-BuHqgILCyxTjmAbiLi9vdX+Srzk="
    },
    "decamelize": {
      "version": "1.2.0",
      "resolved": "https://registry.npmjs.org/decamelize/-/decamelize-1.2.0.tgz",
      "integrity": "sha1-9lNNFRSCabIDUue+4m9QH5oZEpA="
    },
    "dicer": {
      "version": "0.2.5",
      "resolved": "https://registry.npmjs.org/dicer/-/dicer-0.2.5.tgz",
      "integrity": "sha1-WZbAhrszIYyBLAkL3cCc0S+stw8=",
      "requires": {
        "readable-stream": "1.1.x",
        "streamsearch": "0.1.2"
      }
    },
    "ee-first": {
      "version": "1.1.1",
      "resolved": "https://registry.npmjs.org/ee-first/-/ee-first-1.1.1.tgz",
      "integrity": "sha1-WQxhFWsK4vTwJVcyoViyZrxWsh0="
    },
    "escape-html": {
      "version": "1.0.1",
      "resolved": "https://registry.npmjs.org/escape-html/-/escape-html-1.0.1.tgz",
      "integrity": "sha1-GBoobq05ejmpKFfPsdQwUuNWv/A="
    },
    "events": {
      "version": "1.1.1",
      "resolved": "https://registry.npmjs.org/events/-/events-1.1.1.tgz",
      "integrity": "sha1-nr23Y1rQmccNzEwqH1AEKI6L2SQ="
    },
    "express": {
      "version": "4.2.0",
      "resolved": "https://registry.npmjs.org/express/-/express-4.2.0.tgz",
      "integrity": "sha1-MSGZOkUSZpPov4l677TdeDdi3GA=",
      "requires": {
        "accepts": "1.0.1",
        "buffer-crc32": "0.2.1",
        "cookie": "0.1.2",
        "cookie-signature": "1.0.3",
        "debug": "0.8.1",
        "escape-html": "1.0.1",
        "fresh": "0.2.2",
        "merge-descriptors": "0.0.2",
        "methods": "1.0.0",
        "parseurl": "1.0.1",
        "path-to-regexp": "0.1.2",
        "qs": "0.6.6",
        "range-parser": "1.0.0",
        "send": "0.3.0",
        "serve-static": "1.1.0",
        "type-is": "1.1.0",
        "utils-merge": "1.0.0"
      },
      "dependencies": {
        "cookie": {
          "version": "0.1.2",
          "resolved": "https://registry.npmjs.org/cookie/-/cookie-0.1.2.tgz",
          "integrity": "sha1-cv7D0k5Io0Mgc9kMEmQgBQYQBLE="
        },
        "debug": {
          "version": "0.8.1",
          "resolved": "https://registry.npmjs.org/debug/-/debug-0.8.1.tgz",
          "integrity": "sha1-IP9NJvXkIstoobrLu2EDmtjBwTA="
        }
      }
    },
    "fresh": {
      "version": "0.2.2",
      "resolved": "https://registry.npmjs.org/fresh/-/fresh-0.2.2.tgz",
      "integrity": "sha1-lzHc9WeMf660T7kDxPct9VGH+nc="
    },
    "ieee754": {
      "version": "1.1.13",
      "resolved": "https://registry.npmjs.org/ieee754/-/ieee754-1.1.13.tgz",
      "integrity": "sha512-4vf7I2LYV/HaWerSo3XmlMkp5eZ83i+/CDluXi/IGTs/O1sejBNhTtnxzmRZfvOUqj7lZjqHkeTvpgSFDlWZTg=="
    },
    "inherits": {
      "version": "2.0.4",
      "resolved": "https://registry.npmjs.org/inherits/-/inherits-2.0.4.tgz",
      "integrity": "sha512-k/vGaX4/Yla3WzyMCvTQOXYeIHvqOKtnqBduzTHpzpQZzAskKMhZ2K+EnBiSM9zGSoIFeMpXKxa4dYeZIQqewQ=="
    },
    "ini": {
      "version": "1.3.5",
      "resolved": "https://registry.npmjs.org/ini/-/ini-1.3.5.tgz",
      "integrity": "sha512-RZY5huIKCMRWDUqZlEi72f/lmXKMvuszcMBduliQ3nnWbx9X/ZBQO7DijMEYS9EhHBb2qacRUMtC7svLwe0lcw=="
    },
    "invert-kv": {
      "version": "1.0.0",
      "resolved": "https://registry.npmjs.org/invert-kv/-/invert-kv-1.0.0.tgz",
      "integrity": "sha1-EEqOSqym09jNFXqO+L+rLXo//bY="
    },
    "is-fullwidth-code-point": {
      "version": "1.0.0",
      "resolved": "https://registry.npmjs.org/is-fullwidth-code-point/-/is-fullwidth-code-point-1.0.0.tgz",
      "integrity": "sha1-754xOG8DGn8NZDr4L95QxFfvAMs=",
      "requires": {
        "number-is-nan": "^1.0.0"
      }
    },
    "isarray": {
      "version": "1.0.0",
      "resolved": "https://registry.npmjs.org/isarray/-/isarray-1.0.0.tgz",
      "integrity": "sha1-u5NdSFgsuhaMBoNJV6VKPgcSTxE="
    },
    "jmespath": {
      "version": "0.15.0",
      "resolved": "https://registry.npmjs.org/jmespath/-/jmespath-0.15.0.tgz",
      "integrity": "sha1-o/Iiqarp+Wb10nx5ZRDigJF2Qhc="
    },
    "lcid": {
      "version": "1.0.0",
      "resolved": "https://registry.npmjs.org/lcid/-/lcid-1.0.0.tgz",
      "integrity": "sha1-MIrMr6C8SDo4Z7S28rlQYlHRuDU=",
      "requires": {
        "invert-kv": "^1.0.0"
      }
    },
    "media-typer": {
      "version": "0.3.0",
      "resolved": "https://registry.npmjs.org/media-typer/-/media-typer-0.3.0.tgz",
      "integrity": "sha1-hxDXrwqmJvj/+hzgAWhUUmMlV0g="
    },
    "merge-descriptors": {
      "version": "0.0.2",
      "resolved": "https://registry.npmjs.org/merge-descriptors/-/merge-descriptors-0.0.2.tgz",
      "integrity": "sha1-w2pSp4FDdRPFcnXzndnTF1FKyMc="
    },
    "methods": {
      "version": "1.0.0",
      "resolved": "https://registry.npmjs.org/methods/-/methods-1.0.0.tgz",
      "integrity": "sha1-mnPYY3XfzvJu9hyj5Lii4lOKgOM="
    },
    "mime": {
      "version": "1.2.11",
      "resolved": "https://registry.npmjs.org/mime/-/mime-1.2.11.tgz",
      "integrity": "sha1-WCA+7Ybjpe8XrtK32evUfwpg3RA="
    },
    "mime-db": {
      "version": "1.43.0",
      "resolved": "https://registry.npmjs.org/mime-db/-/mime-db-1.43.0.tgz",
      "integrity": "sha512-+5dsGEEovYbT8UY9yD7eE4XTc4UwJ1jBYlgaQQF38ENsKR3wj/8q8RFZrF9WIZpB2V1ArTVFUva8sAul1NzRzQ=="
    },
    "mime-types": {
      "version": "2.1.26",
      "resolved": "https://registry.npmjs.org/mime-types/-/mime-types-2.1.26.tgz",
      "integrity": "sha512-01paPWYgLrkqAyrlDorC1uDwl2p3qZT7yl806vW7DvDoxwXi46jsjFbg+WdwotBIk6/MbEhO/dh5aZ5sNj/dWQ==",
      "requires": {
        "mime-db": "1.43.0"
      }
    },
    "minimist": {
      "version": "1.2.5",
      "resolved": "https://registry.npmjs.org/minimist/-/minimist-1.2.5.tgz",
      "integrity": "sha512-FM9nNUYrRBAELZQT3xeZQ7fmMOBg6nWNmJKTcgsJeaLstP/UODVpGsr5OhXhhXg6f+qtJ8uiZ+PUxkDWcgIXLw=="
    },
    "mkdirp": {
      "version": "0.5.5",
      "resolved": "https://registry.npmjs.org/mkdirp/-/mkdirp-0.5.5.tgz",
      "integrity": "sha512-NKmAlESf6jMGym1++R0Ra7wvhV+wFW63FaSOFPwRahvea0gMUcGUhVeAg/0BC0wiv9ih5NYPB1Wn1UEI1/L+xQ==",
      "requires": {
        "minimist": "^1.2.5"
      }
    },
    "morgan": {
      "version": "1.0.1",
      "resolved": "https://registry.npmjs.org/morgan/-/morgan-1.0.1.tgz",
      "integrity": "sha1-glCl1xHeYlRTAilFNE1NZ2JjDGQ=",
      "requires": {
        "bytes": "0.3.0"
      },
      "dependencies": {
        "bytes": {
          "version": "0.3.0",
          "resolved": "https://registry.npmjs.org/bytes/-/bytes-0.3.0.tgz",
          "integrity": "sha1-eOLg4ox/nHuYjqiu4NtNX6mUGTU="
        }
      }
    },
    "multer": {
      "version": "1.4.2",
      "resolved": "https://registry.npmjs.org/multer/-/multer-1.4.2.tgz",
      "integrity": "sha512-xY8pX7V+ybyUpbYMxtjM9KAiD9ixtg5/JkeKUTD6xilfDv0vzzOFcCp4Ljb1UU3tSOM3VTZtKo63OmzOrGi3Cg==",
      "requires": {
        "append-field": "^1.0.0",
        "busboy": "^0.2.11",
        "concat-stream": "^1.5.2",
        "mkdirp": "^0.5.1",
        "object-assign": "^4.1.1",
        "on-finished": "^2.3.0",
        "type-is": "^1.6.4",
        "xtend": "^4.0.0"
      },
      "dependencies": {
        "type-is": {
          "version": "1.6.18",
          "resolved": "https://registry.npmjs.org/type-is/-/type-is-1.6.18.tgz",
          "integrity": "sha512-TkRKr9sUTxEH8MdfuCSP7VizJyzRNMjj2J2do2Jr3Kym598JVdEksuzPQCnlFPW4ky9Q+iA+ma9BGm06XQBy8g==",
          "requires": {
            "media-typer": "0.3.0",
            "mime-types": "~2.1.24"
          }
        }
      }
    },
    "mysql": {
      "version": "2.18.1",
      "resolved": "https://registry.npmjs.org/mysql/-/mysql-2.18.1.tgz",
      "integrity": "sha512-Bca+gk2YWmqp2Uf6k5NFEurwY/0td0cpebAucFpY/3jhrwrVGuxU2uQFCHjU19SJfje0yQvi+rVWdq78hR5lig==",
      "requires": {
        "bignumber.js": "9.0.0",
        "readable-stream": "2.3.7",
        "safe-buffer": "5.1.2",
        "sqlstring": "2.3.1"
      },
      "dependencies": {
        "readable-stream": {
          "version": "2.3.7",
          "resolved": "https://registry.npmjs.org/readable-stream/-/readable-stream-2.3.7.tgz",
          "integrity": "sha512-Ebho8K4jIbHAxnuxi7o42OrZgF/ZTNcsZj6nRKyUmkhLFq8CHItp/fy6hQZuZmP/n3yZ9VBUbp4zz/mX8hmYPw==",
          "requires": {
            "core-util-is": "~1.0.0",
            "inherits": "~2.0.3",
            "isarray": "~1.0.0",
            "process-nextick-args": "~2.0.0",
            "safe-buffer": "~5.1.1",
            "string_decoder": "~1.1.1",
            "util-deprecate": "~1.0.1"
          }
        },
        "string_decoder": {
          "version": "1.1.1",
          "resolved": "https://registry.npmjs.org/string_decoder/-/string_decoder-1.1.1.tgz",
          "integrity": "sha512-n/ShnvDi6FHbbVfviro+WojiFzv+s8MPMHBczVePfUpDJLwoLT0ht1l4YwBCbi8pJAveEEdnkHyPyTP/mzRfwg==",
          "requires": {
            "safe-buffer": "~5.1.0"
          }
        }
      }
    },
    "nconf": {
      "version": "0.8.2",
      "resolved": "https://registry.npmjs.org/nconf/-/nconf-0.8.2.tgz",
      "integrity": "sha1-BNnWg1vLpSUNscCN2Nsn3i2b+6k=",
      "requires": {
        "async": "^1.4.0",
        "ini": "^1.3.0",
        "yargs": "^3.19.0"
      }
    },
    "negotiator": {
      "version": "0.4.9",
      "resolved": "https://registry.npmjs.org/negotiator/-/negotiator-0.4.9.tgz",
      "integrity": "sha1-kuRrbbU8fkIe1koryU8IvnYw3z8="
    },
    "number-is-nan": {
      "version": "1.0.1",
      "resolved": "https://registry.npmjs.org/number-is-nan/-/number-is-nan-1.0.1.tgz",
      "integrity": "sha1-CXtgK1NCKlIsGvuHkDGDNpQaAR0="
    },
    "object-assign": {
      "version": "4.1.1",
      "resolved": "https://registry.npmjs.org/object-assign/-/object-assign-4.1.1.tgz",
      "integrity": "sha1-IQmtx5ZYh8/AXLvUQsrIv7s2CGM="
    },
    "on-finished": {
      "version": "2.3.0",
      "resolved": "https://registry.npmjs.org/on-finished/-/on-finished-2.3.0.tgz",
      "integrity": "sha1-IPEzZIGwg811M3mSoWlxqi2QaUc=",
      "requires": {
        "ee-first": "1.1.1"
      }
    },
    "optimist": {
      "version": "0.6.1",
      "resolved": "https://registry.npmjs.org/optimist/-/optimist-0.6.1.tgz",
      "integrity": "sha1-2j6nRob6IaGaERwybpDrFaAZZoY=",
      "requires": {
        "minimist": "~0.0.1",
        "wordwrap": "~0.0.2"
      },
      "dependencies": {
        "minimist": {
          "version": "0.0.10",
          "resolved": "https://registry.npmjs.org/minimist/-/minimist-0.0.10.tgz",
          "integrity": "sha1-3j+YVD2/lggr5IrRoMfNqDYwHc8="
        }
      }
    },
    "os-locale": {
      "version": "1.4.0",
      "resolved": "https://registry.npmjs.org/os-locale/-/os-locale-1.4.0.tgz",
      "integrity": "sha1-IPnxeuKe00XoveWDsT0gCYA8FNk=",
      "requires": {
        "lcid": "^1.0.0"
      }
    },
    "parseurl": {
      "version": "1.0.1",
      "resolved": "https://registry.npmjs.org/parseurl/-/parseurl-1.0.1.tgz",
      "integrity": "sha1-Llfc5u/dN8NRhwEDCUTCK/OIt7Q="
    },
    "path-to-regexp": {
      "version": "0.1.2",
      "resolved": "https://registry.npmjs.org/path-to-regexp/-/path-to-regexp-0.1.2.tgz",
      "integrity": "sha1-mysVH5zDAYye6lDKlXKeBXgXErQ="
    },
    "process-nextick-args": {
      "version": "2.0.1",
      "resolved": "https://registry.npmjs.org/process-nextick-args/-/process-nextick-args-2.0.1.tgz",
      "integrity": "sha512-3ouUOpQhtgrbOa17J7+uxOTpITYWaGP7/AhoR3+A+/1e9skrzelGi/dXzEYyvbxubEF6Wn2ypscTKiKJFFn1ag=="
    },
    "punycode": {
      "version": "1.3.2",
      "resolved": "https://registry.npmjs.org/punycode/-/punycode-1.3.2.tgz",
      "integrity": "sha1-llOgNvt8HuQjQvIyXM7v6jkmxI0="
    },
    "qs": {
      "version": "0.6.6",
      "resolved": "https://registry.npmjs.org/qs/-/qs-0.6.6.tgz",
      "integrity": "sha1-bgFQmP9RlouKPIGQAdXyyJvEsQc="
    },
    "querystring": {
      "version": "0.2.0",
      "resolved": "https://registry.npmjs.org/querystring/-/querystring-0.2.0.tgz",
      "integrity": "sha1-sgmEkgO7Jd+CDadW50cAWHhSFiA="
    },
    "range-parser": {
      "version": "1.0.0",
      "resolved": "https://registry.npmjs.org/range-parser/-/range-parser-1.0.0.tgz",
      "integrity": "sha1-pLJkz+C+XONqvjdlrJwqJIdG28A="
    },
    "raw-body": {
      "version": "1.1.7",
      "resolved": "https://registry.npmjs.org/raw-body/-/raw-body-1.1.7.tgz",
      "integrity": "sha1-HQJ8K/oRasxmI7yo8AAWVyqH1CU=",
      "requires": {
        "bytes": "1",
        "string_decoder": "0.10"
      }
    },
    "readable-stream": {
      "version": "1.1.14",
      "resolved": "https://registry.npmjs.org/readable-stream/-/readable-stream-1.1.14.tgz",
      "integrity": "sha1-fPTFTvZI44EwhMY23SB54WbAgdk=",
      "requires": {
        "core-util-is": "~1.0.0",
        "inherits": "~2.0.1",
        "isarray": "0.0.1",
        "string_decoder": "~0.10.x"
      },
      "dependencies": {
        "isarray": {
          "version": "0.0.1",
          "resolved": "https://registry.npmjs.org/isarray/-/isarray-0.0.1.tgz",
          "integrity": "sha1-ihis/Kmo9Bd+Cav8YDiTmwXR7t8="
        }
      }
    },
    "safe-buffer": {
      "version": "5.1.2",
      "resolved": "https://registry.npmjs.org/safe-buffer/-/safe-buffer-5.1.2.tgz",
      "integrity": "sha512-Gd2UZBJDkXlY7GbJxfsE8/nvKkUEU1G38c1siN6QP6a9PT9MmHB8GnpscSmMJSoF8LOIrt8ud/wPtojys4G6+g=="
    },
    "sax": {
      "version": "1.2.1",
      "resolved": "https://registry.npmjs.org/sax/-/sax-1.2.1.tgz",
      "integrity": "sha1-e45lYZCyKOgaZq6nSEgNgozS03o="
    },
    "send": {
      "version": "0.3.0",
      "resolved": "https://registry.npmjs.org/send/-/send-0.3.0.tgz",
      "integrity": "sha1-lxgyRjSAb8dbxPj15R9X2dZmBuc=",
      "requires": {
        "buffer-crc32": "0.2.1",
        "debug": "0.8.0",
        "fresh": "~0.2.1",
        "mime": "1.2.11",
        "range-parser": "~1.0.0"
      },
      "dependencies": {
        "debug": {
          "version": "0.8.0",
          "resolved": "https://registry.npmjs.org/debug/-/debug-0.8.0.tgz",
          "integrity": "sha1-BUHqkfDlA/3wxe7UGKMlUCNJZ/A="
        }
      }
    },
    "serve-static": {
      "version": "1.1.0",
      "resolved": "https://registry.npmjs.org/serve-static/-/serve-static-1.1.0.tgz",
      "integrity": "sha1-RU36Bbs93U5wGokVuDoniqkcVkM=",
      "requires": {
        "parseurl": "1.0.1",
        "send": "0.3.0"
      }
    },
    "source-map": {
      "version": "0.1.34",
      "resolved": "https://registry.npmjs.org/source-map/-/source-map-0.1.34.tgz",
      "integrity": "sha1-p8/omux7FoLDsZjQrPtH19CQVms=",
      "requires": {
        "amdefine": ">=0.0.4"
      }
    },
    "sqlstring": {
      "version": "2.3.1",
      "resolved": "https://registry.npmjs.org/sqlstring/-/sqlstring-2.3.1.tgz",
      "integrity": "sha1-R1OT/56RR5rqYtyvDKPRSYOn+0A="
    },
    "static-favicon": {
      "version": "1.0.2",
      "resolved": "https://registry.npmjs.org/static-favicon/-/static-favicon-1.0.2.tgz",
      "integrity": "sha1-fBWSDdor8z9BSw5grrvWXN0qHS8="
    },
    "streamsearch": {
      "version": "0.1.2",
      "resolved": "https://registry.npmjs.org/streamsearch/-/streamsearch-0.1.2.tgz",
      "integrity": "sha1-gIudDlb8Jz2Am6VzOOkpkZoanxo="
    },
    "string-width": {
      "version": "1.0.2",
      "resolved": "https://registry.npmjs.org/string-width/-/string-width-1.0.2.tgz",
      "integrity": "sha1-EYvfW4zcUaKn5w0hHgfisLmxB9M=",
      "requires": {
        "code-point-at": "^1.0.0",
        "is-fullwidth-code-point": "^1.0.0",
        "strip-ansi": "^3.0.0"
      }
    },
    "string_decoder": {
      "version": "0.10.31",
      "resolved": "https://registry.npmjs.org/string_decoder/-/string_decoder-0.10.31.tgz",
      "integrity": "sha1-YuIDvEF2bGwoyfyEMB2rHFMQ+pQ="
    },
    "strip-ansi": {
      "version": "3.0.1",
      "resolved": "https://registry.npmjs.org/strip-ansi/-/strip-ansi-3.0.1.tgz",
      "integrity": "sha1-ajhfuIU9lS1f8F0Oiq+UJ43GPc8=",
      "requires": {
        "ansi-regex": "^2.0.0"
      }
    },
    "swig": {
      "version": "1.4.2",
      "resolved": "https://registry.npmjs.org/swig/-/swig-1.4.2.tgz",
      "integrity": "sha1-QIXKBFM2kQS11IPihBs5t64aq6U=",
      "requires": {
        "optimist": "~0.6",
        "uglify-js": "~2.4"
      }
    },
    "type-is": {
      "version": "1.1.0",
      "resolved": "https://registry.npmjs.org/type-is/-/type-is-1.1.0.tgz",
      "integrity": "sha1-0CReyLJnZmjVndDPMlUGBnalfbY=",
      "requires": {
        "mime": "~1.2.11"
      }
    },
    "typedarray": {
      "version": "0.0.6",
      "resolved": "https://registry.npmjs.org/typedarray/-/typedarray-0.0.6.tgz",
      "integrity": "sha1-hnrHTjhkGHsdPUfZlqeOxciDB3c="
    },
    "uglify-js": {
      "version": "2.4.24",
      "resolved": "https://registry.npmjs.org/uglify-js/-/uglify-js-2.4.24.tgz",
      "integrity": "sha1-+tV1XB4Vd2WLsG/5q25UjJW+vW4=",
      "requires": {
        "async": "~0.2.6",
        "source-map": "0.1.34",
        "uglify-to-browserify": "~1.0.0",
        "yargs": "~3.5.4"
      },
      "dependencies": {
        "async": {
          "version": "0.2.10",
          "resolved": "https://registry.npmjs.org/async/-/async-0.2.10.tgz",
          "integrity": "sha1-trvgsGdLnXGXCMo43owjfLUmw9E="
        },
        "camelcase": {
          "version": "1.2.1",
          "resolved": "https://registry.npmjs.org/camelcase/-/camelcase-1.2.1.tgz",
          "integrity": "sha1-m7UwTS4LVmmLLHWLCKPqqdqlijk="
        },
        "window-size": {
          "version": "0.1.0",
          "resolved": "https://registry.npmjs.org/window-size/-/window-size-0.1.0.tgz",
          "integrity": "sha1-VDjNLqk7IC76Ohn+iIeu58lPnJ0="
        },
        "wordwrap": {
          "version": "0.0.2",
          "resolved": "https://registry.npmjs.org/wordwrap/-/wordwrap-0.0.2.tgz",
          "integrity": "sha1-t5Zpu0LstAn4PVg8rVLKF+qhZD8="
        },
        "yargs": {
          "version": "3.5.4",
          "resolved": "https://registry.npmjs.org/yargs/-/yargs-3.5.4.tgz",
          "integrity": "sha1-2K/49mXpTDS9JZvevRv68N3TU2E=",
          "requires": {
            "camelcase": "^1.0.2",
            "decamelize": "^1.0.0",
            "window-size": "0.1.0",
            "wordwrap": "0.0.2"
          }
        }
      }
    },
    "uglify-to-browserify": {
      "version": "1.0.2",
      "resolved": "https://registry.npmjs.org/uglify-to-browserify/-/uglify-to-browserify-1.0.2.tgz",
      "integrity": "sha1-bgkk1r2mta/jSeOabWMoUKD4grc="
    },
    "url": {
      "version": "0.10.3",
      "resolved": "https://registry.npmjs.org/url/-/url-0.10.3.tgz",
      "integrity": "sha1-Ah5NnHcF8hu/N9A861h2dAJ3TGQ=",
      "requires": {
        "punycode": "1.3.2",
        "querystring": "0.2.0"
      }
    },
    "util-deprecate": {
      "version": "1.0.2",
      "resolved": "https://registry.npmjs.org/util-deprecate/-/util-deprecate-1.0.2.tgz",
      "integrity": "sha1-RQ1Nyfpw3nMnYvvS1KKJgUGaDM8="
    },
    "utils-merge": {
      "version": "1.0.0",
      "resolved": "https://registry.npmjs.org/utils-merge/-/utils-merge-1.0.0.tgz",
      "integrity": "sha1-ApT7kiu5N1FTVBxPcJYjHyh8ivg="
    },
    "uuid": {
      "version": "3.3.2",
      "resolved": "https://registry.npmjs.org/uuid/-/uuid-3.3.2.tgz",
      "integrity": "sha512-yXJmeNaw3DnnKAOKJE51sL/ZaYfWJRl1pK9dr19YFCu0ObS231AB1/LbqTKRAQ5kw8A90rA6fr4riOUpTZvQZA=="
    },
    "window-size": {
      "version": "0.1.4",
      "resolved": "https://registry.npmjs.org/window-size/-/window-size-0.1.4.tgz",
      "integrity": "sha1-+OGqHuWlPsW/FR/6CXQqatdpeHY="
    },
    "wordwrap": {
      "version": "0.0.3",
      "resolved": "https://registry.npmjs.org/wordwrap/-/wordwrap-0.0.3.tgz",
      "integrity": "sha1-o9XabNXAvAAI03I0u68b7WMFkQc="
    },
    "wrap-ansi": {
      "version": "2.1.0",
      "resolved": "https://registry.npmjs.org/wrap-ansi/-/wrap-ansi-2.1.0.tgz",
      "integrity": "sha1-2Pw9KE3QV5T+hJc8rs3Rz4JP3YU=",
      "requires": {
        "string-width": "^1.0.1",
        "strip-ansi": "^3.0.1"
      }
    },
    "xml2js": {
      "version": "0.4.19",
      "resolved": "https://registry.npmjs.org/xml2js/-/xml2js-0.4.19.tgz",
      "integrity": "sha512-esZnJZJOiJR9wWKMyuvSE1y6Dq5LCuJanqhxslH2bxM6duahNZ+HMpCLhBQGZkbX6xRf8x1Y2eJlgt2q3qo49Q==",
      "requires": {
        "sax": ">=0.6.0",
        "xmlbuilder": "~9.0.1"
      }
    },
    "xmlbuilder": {
      "version": "9.0.7",
      "resolved": "https://registry.npmjs.org/xmlbuilder/-/xmlbuilder-9.0.7.tgz",
      "integrity": "sha1-Ey7mPS7FVlxVfiD0wi35rKaGsQ0="
    },
    "xtend": {
      "version": "4.0.2",
      "resolved": "https://registry.npmjs.org/xtend/-/xtend-4.0.2.tgz",
      "integrity": "sha512-LKYU1iAXJXUgAXn9URjiu+MWhyUXHsvfp7mcuYm9dSUKK0/CjtrUwFAxD82/mCWbtLsGjFIad0wIsod4zrTAEQ=="
    },
    "y18n": {
      "version": "3.2.1",
      "resolved": "https://registry.npmjs.org/y18n/-/y18n-3.2.1.tgz",
      "integrity": "sha1-bRX7qITAhnnA136I53WegR4H+kE="
    },
    "yargs": {
      "version": "3.32.0",
      "resolved": "https://registry.npmjs.org/yargs/-/yargs-3.32.0.tgz",
      "integrity": "sha1-AwiOnr+edWtpdRYR0qXvWRSCyZU=",
      "requires": {
        "camelcase": "^2.0.1",
        "cliui": "^3.0.3",
        "decamelize": "^1.1.1",
        "os-locale": "^1.4.0",
        "string-width": "^1.0.1",
        "window-size": "^0.1.4",
        "y18n": "^3.2.0"
      }
    }
  }
}
